
Microsoft Visual Studio Solution File, Format Version 11.00
# Visual Studio 2010
Project("{FAE04EC0-301F-11D3-BF4B-00C04F79EFBC}") = "cedocabar", "cedocabar\cedocabar.csproj", "{F03EF79F-E451-4C52-8E10-F5EF1A03A769}"
EndProject
Global
	GlobalSection(SolutionConfigurationPlatforms) = preSolution
		Debug|Any CPU = Debug|Any CPU
		Release|Any CPU = Release|Any CPU
	EndGlobalSection
	GlobalSection(ProjectConfigurationPlatforms) = postSolution
		{F03EF79F-E451-4C52-8E10-F5EF1A03A769}.Debug|Any CPU.ActiveCfg = Debug|Any CPU
		{F03EF79F-E451-4C52-8E10-F5EF1A03A769}.Debug|Any CPU.Build.0 = Debug|Any CPU
		{F03EF79F-E451-4C52-8E10-F5EF1A03A769}.Release|Any CPU.ActiveCfg = Release|Any CPU
		{F03EF79F-E451-4C52-8E10-F5EF1A03A769}.Release|Any CPU.Build.0 = Release|Any CPU
	EndGlobalSection
	GlobalSection(SolutionProperties) = preSolution
		HideSolutionNode = FALSE
	EndGlobalSection
EndGlobal
